<?xml version="1.0" encoding="utf-8"?>
<Project ToolsVersion="4.0" xmlns="http://schemas.microsoft.com/developer/msbuild/2003">
  <ItemGroup>
    <ClCompile Include="Main.cpp" />
    <ClCompile Include="PathTracingApplication.cpp" />
    <ClCompile Include="PathTracingRenderPass.cpp" />
    <ClCompile Include="BVH.cpp" />
  </ItemGroup>
  <ItemGroup>
    <ClInclude Include="PathTracingApplication.h" />
    <ClInclude Include="PathTracingRenderPass.h" />
    <ClInclude Include="BVH.h" />
  </ItemGroup>
  <ItemGroup>
    <None Include="Shaders\pathtracing.comp" />
    <None Include="Shaders\Renderer\copy.frag" />
    <None Include="Shaders\Renderer\fullscreen.vert" />
    <None Include="Shaders\blinn-phong.frag" />
    <None Include="Shaders\blinn-phong.vert" />
    <None Include="Shaders\tonemapping.frag" />
    <None Include="Shaders\Library\resources.glsl" />
    <None Include="Shaders\Library\intersection.glsl" />
    <None Include="Shaders\Library\common.glsl" />
    <None Include="Shaders\Library\utility.glsl" />
    <None Include="Shaders\Library\montecarlo.glsl" />
    <None Include="Shaders\Library\brdf.glsl" />
    <None Include="Shaders\Library\disney.glsl" />
    <None Include="Shaders\Library\hdri.glsl" />
    <None Include="Shaders\Library\debug.glsl" />
    <None Include="Shaders\Library\version.glsl" />
  </ItemGroup>
</Project>