<?xml version="1.0" encoding="utf-8"?>
<Project ToolsVersion="4.0" xmlns="http://schemas.microsoft.com/developer/msbuild/2003">
  <ItemGroup>
    <ClCompile Include="Main.cpp" />
    <ClCompile Include="Application\Application.cpp" />
    <ClCompile Include="Application\Window.cpp" />
    <ClCompile Include="Core\Object.cpp" />
    <ClCompile Include="Core\DeviceGL.cpp" />
    <ClCompile Include="Core\Data.cpp" />
    <ClCompile Include="Core\Color.cpp" />
    <ClCompile Include="Core\BufferObject.cpp" />
    <ClCompile Include="Camera\Camera.cpp" />
    <ClCompile Include="Camera\CameraController.cpp" />
    <ClCompile Include="Scene\Transform.cpp" />
    <ClCompile Include="Scene\SceneVisitor.cpp" />
    <ClCompile Include="Scene\SceneNode.cpp" />
    <ClCompile Include="Scene\SceneModel.cpp" />
    <ClCompile Include="Scene\SceneLight.cpp" />
    <ClCompile Include="Scene\SceneCamera.cpp" />
    <ClCompile Include="Scene\Scene.cpp" />
    <ClCompile Include="Scene\RendererSceneVisitor.cpp" />
    <ClCompile Include="Scene\ImGuiSceneVisitor.cpp" />
    <ClCompile Include="Scene\Bounds.cpp" />
    <ClCompile Include="Lighting\Light.cpp" />
    <ClCompile Include="Lighting\PointLight.cpp" />
    <ClCompile Include="Lighting\SpotLight.cpp" />
    <ClCompile Include="Lighting\DirectionalLight.cpp" />
    <ClCompile Include="Geometry\VertexFormat.cpp" />
    <ClCompile Include="Geometry\VertexBufferObject.cpp" />
    <ClCompile Include="Geometry\VertexAttribute.cpp" />
    <ClCompile Include="Geometry\VertexArrayObject.cpp" />
    <ClCompile Include="Geometry\Model.cpp" />
    <ClCompile Include="Geometry\Mesh.cpp" />
    <ClCompile Include="Geometry\ElementBufferObject.cpp" />
    <ClCompile Include="Geometry\Drawcall.cpp" />
    <ClCompile Include="Shader\Material.cpp" />
    <ClCompile Include="Shader\Shader.cpp" />
    <ClCompile Include="Shader\ShaderProgram.cpp" />
    <ClCompile Include="Shader\ShaderUniformCollection.cpp" />
    <ClCompile Include="Texture\TextureObject.cpp" />
    <ClCompile Include="Texture\TextureCubemapObject.cpp" />
    <ClCompile Include="Texture\Texture2DObject.cpp" />
    <ClCompile Include="Texture\FramebufferObject.cpp" />
    <ClCompile Include="Utils\DearImGui.cpp" />
    <ClCompile Include="Renderer\SkyboxRenderPass.cpp" />
    <ClCompile Include="Renderer\ShadowMapRenderPass.cpp" />
    <ClCompile Include="Renderer\RenderPass.cpp" />
    <ClCompile Include="Renderer\PostFXRenderPass.cpp" />
    <ClCompile Include="Renderer\GBufferRenderPass.cpp" />
    <ClCompile Include="Renderer\ForwardRenderPass.cpp" />
    <ClCompile Include="Renderer\DeferredRenderPass.cpp" />
    <ClCompile Include="Renderer\Renderer.cpp" />
    <ClCompile Include="Asset\TextureLoader.cpp" />
    <ClCompile Include="Asset\TextureCubemapLoader.cpp" />
    <ClCompile Include="Asset\Texture2DLoader.cpp" />
    <ClCompile Include="Asset\ShaderLoader.cpp" />
    <ClCompile Include="Asset\ModelLoader.cpp" />
    <ClCompile Include="Asset\AssetLoader.cpp" />
    <ClCompile Include="RaytracingApplication.cpp" />
    <ClCompile Include="Shader\ShaderCompute.cpp" />
  </ItemGroup>
  <ItemGroup>
    <ClInclude Include="Application\Application.h" />
    <ClInclude Include="Application\Window.h" />
    <ClInclude Include="Core\Object.h" />
    <ClInclude Include="Core\DeviceGL.h" />
    <ClInclude Include="Core\Data.h" />
    <ClInclude Include="Core\Color.h" />
    <ClInclude Include="Core\BufferObject.h" />
    <ClInclude Include="Camera\Camera.h" />
    <ClInclude Include="Camera\CameraController.h" />
    <ClInclude Include="Scene\Transform.h" />
    <ClInclude Include="Scene\SceneVisitor.h" />
    <ClInclude Include="Scene\SceneNode.h" />
    <ClInclude Include="Scene\SceneModel.h" />
    <ClInclude Include="Scene\SceneLight.h" />
    <ClInclude Include="Scene\SceneCamera.h" />
    <ClInclude Include="Scene\Scene.h" />
    <ClInclude Include="Scene\RendererSceneVisitor.h" />
    <ClInclude Include="Scene\ImGuiSceneVisitor.h" />
    <ClInclude Include="Scene\Bounds.h" />
    <ClInclude Include="Lighting\Light.h" />
    <ClInclude Include="Lighting\PointLight.h" />
    <ClInclude Include="Lighting\SpotLight.h" />
    <ClInclude Include="Lighting\DirectionalLight.h" />
    <ClInclude Include="Geometry\VertexFormat.h" />
    <ClInclude Include="Geometry\VertexBufferObject.h" />
    <ClInclude Include="Geometry\VertexAttribute.h" />
    <ClInclude Include="Geometry\VertexArrayObject.h" />
    <ClInclude Include="Geometry\Model.h" />
    <ClInclude Include="Geometry\Mesh.h" />
    <ClInclude Include="Geometry\ElementBufferObject.h" />
    <ClInclude Include="Geometry\Drawcall.h" />
    <ClInclude Include="Shader\Material.h" />
    <ClInclude Include="Shader\Shader.h" />
    <ClInclude Include="Shader\ShaderProgram.h" />
    <ClInclude Include="Shader\ShaderUniformCollection.h" />
    <ClInclude Include="Texture\TextureObject.h" />
    <ClInclude Include="Texture\TextureCubemapObject.h" />
    <ClInclude Include="Texture\Texture2DObject.h" />
    <ClInclude Include="Texture\FramebufferObject.h" />
    <ClInclude Include="Utils\DearImGui.h" />
    <ClInclude Include="Renderer\SkyboxRenderPass.h" />
    <ClInclude Include="Renderer\ShadowMapRenderPass.h" />
    <ClInclude Include="Renderer\RenderPass.h" />
    <ClInclude Include="Renderer\PostFXRenderPass.h" />
    <ClInclude Include="Renderer\GBufferRenderPass.h" />
    <ClInclude Include="Renderer\ForwardRenderPass.h" />
    <ClInclude Include="Renderer\DeferredRenderPass.h" />
    <ClInclude Include="Renderer\Renderer.h" />
    <ClInclude Include="Asset\TextureLoader.h" />
    <ClInclude Include="Asset\TextureCubemapLoader.h" />
    <ClInclude Include="Asset\Texture2DLoader.h" />
    <ClInclude Include="Asset\ShaderLoader.h" />
    <ClInclude Include="Asset\ModelLoader.h" />
    <ClInclude Include="Asset\AssetLoader.h" />
    <ClInclude Include="RaytracingApplication.h" />
    <ClInclude Include="Shader\ShaderCompute.h" />
  </ItemGroup>
  <ItemGroup>
    <None Include="Shaders\empty.glsl" />
    <None Include="Shaders\exercise11.glsl" />
    <None Include="Shaders\raylibrary.glsl" />
    <None Include="Shaders\raytracer.glsl" />
    <None Include="Shaders\raytracing.frag" />
    <None Include="Shaders\transform.glsl" />
    <None Include="Shaders\utils.glsl" />
    <None Include="Shaders\version430.glsl" />
    <None Include="Shaders\Renderer\copy.frag" />
    <None Include="Shaders\Renderer\fullscreen.vert" />
    <None Include="Shaders\Renderer\deferred.frag" />
    <None Include="Shaders\Renderer\deferred.vert" />
    <None Include="Shaders\Renderer\empty.frag" />
    <None Include="Shaders\Renderer\empty.vert" />
    <None Include="Shaders\Renderer\skybox.frag" />
    <None Include="Shaders\Renderer\skybox.vert" />
  </ItemGroup>
</Project>